// !$*UTF8*$!
{
	archiveVersion = 1;
	classes = {
	};
	objectVersion = 46;
	objects = {

/* Begin PBXBuildFile section */
		CB4053E51D564C87002ED278 /* Default-568h@2x.png in Resources */ = {isa = PBXBuildFile; fileRef = CB4053DC1D564C87002ED278 /* Default-568h@2x.png */; };
		CB4053E61D564C87002ED278 /* Default-667h@2x.png in Resources */ = {isa = PBXBuildFile; fileRef = CB4053DD1D564C87002ED278 /* Default-667h@2x.png */; };
		CB4053E71D564C87002ED278 /* Default-Landscape-736h@3x.png in Resources */ = {isa = PBXBuildFile; fileRef = CB4053DE1D564C87002ED278 /* Default-Landscape-736h@3x.png */; };
		CB4053E81D564C87002ED278 /* Default-Landscape.png in Resources */ = {isa = PBXBuildFile; fileRef = CB4053DF1D564C87002ED278 /* Default-Landscape.png */; };
		CB4053E91D564C87002ED278 /* Default-Landscape@2x.png in Resources */ = {isa = PBXBuildFile; fileRef = CB4053E01D564C87002ED278 /* Default-Landscape@2x.png */; };
		CB4053EA1D564C87002ED278 /* Default-Portrait-736h@3x.png in Resources */ = {isa = PBXBuildFile; fileRef = CB4053E11D564C87002ED278 /* Default-Portrait-736h@3x.png */; };
		CB4053EB1D564C87002ED278 /* Default-Portrait.png in Resources */ = {isa = PBXBuildFile; fileRef = CB4053E21D564C87002ED278 /* Default-Portrait.png */; };
		CB4053EC1D564C87002ED278 /* Default-Portrait@2x.png in Resources */ = {isa = PBXBuildFile; fileRef = CB4053E31D564C87002ED278 /* Default-Portrait@2x.png */; };
		CB4053ED1D564C87002ED278 /* Default@2x.png in Resources */ = {isa = PBXBuildFile; fileRef = CB4053E41D564C87002ED278 /* Default@2x.png */; };
		CB4053EF1D5794B9002ED278 /* ReminderViewController.swift in Sources */ = {isa = PBXBuildFile; fileRef = CB4053EE1D5794B9002ED278 /* ReminderViewController.swift */; };
		CBC25F9F1D319BA1001788FE /* AppDelegate.swift in Sources */ = {isa = PBXBuildFile; fileRef = CBC25F9E1D319BA1001788FE /* AppDelegate.swift */; };
		CBC25FA61D319BA1001788FE /* Assets.xcassets in Resources */ = {isa = PBXBuildFile; fileRef = CBC25FA51D319BA1001788FE /* Assets.xcassets */; };
		CBC25FB41D319BA1001788FE /* LishtTests.swift in Sources */ = {isa = PBXBuildFile; fileRef = CBC25FB31D319BA1001788FE /* LishtTests.swift */; };
		CBC25FBF1D319BA1001788FE /* LishtUITests.swift in Sources */ = {isa = PBXBuildFile; fileRef = CBC25FBE1D319BA1001788FE /* LishtUITests.swift */; };
		CBC25FD11D3237CB001788FE /* LishtTableViewController.swift in Sources */ = {isa = PBXBuildFile; fileRef = CBC25FD01D3237CB001788FE /* LishtTableViewController.swift */; };
		CBC25FD51D3299FD001788FE /* Item.swift in Sources */ = {isa = PBXBuildFile; fileRef = CBC25FD41D3299FD001788FE /* Item.swift */; };
		CBC418F31D4F425B0093214E /* Roboto-Black.ttf in Resources */ = {isa = PBXBuildFile; fileRef = CBC418E71D4F425B0093214E /* Roboto-Black.ttf */; };
		CBC418F41D4F425B0093214E /* Roboto-BlackItalic.ttf in Resources */ = {isa = PBXBuildFile; fileRef = CBC418E81D4F425B0093214E /* Roboto-BlackItalic.ttf */; };
		CBC418F51D4F425B0093214E /* Roboto-Bold.ttf in Resources */ = {isa = PBXBuildFile; fileRef = CBC418E91D4F425B0093214E /* Roboto-Bold.ttf */; };
		CBC418F61D4F425B0093214E /* Roboto-BoldItalic.ttf in Resources */ = {isa = PBXBuildFile; fileRef = CBC418EA1D4F425B0093214E /* Roboto-BoldItalic.ttf */; };
		CBC418F71D4F425B0093214E /* Roboto-Italic.ttf in Resources */ = {isa = PBXBuildFile; fileRef = CBC418EB1D4F425B0093214E /* Roboto-Italic.ttf */; };
		CBC418F81D4F425B0093214E /* Roboto-Light.ttf in Resources */ = {isa = PBXBuildFile; fileRef = CBC418EC1D4F425B0093214E /* Roboto-Light.ttf */; };
		CBC418F91D4F425B0093214E /* Roboto-LightItalic.ttf in Resources */ = {isa = PBXBuildFile; fileRef = CBC418ED1D4F425B0093214E /* Roboto-LightItalic.ttf */; };
		CBC418FA1D4F425B0093214E /* Roboto-Medium.ttf in Resources */ = {isa = PBXBuildFile; fileRef = CBC418EE1D4F425B0093214E /* Roboto-Medium.ttf */; };
		CBC418FB1D4F425B0093214E /* Roboto-MediumItalic.ttf in Resources */ = {isa = PBXBuildFile; fileRef = CBC418EF1D4F425B0093214E /* Roboto-MediumItalic.ttf */; };
		CBC418FC1D4F425B0093214E /* Roboto-Regular.ttf in Resources */ = {isa = PBXBuildFile; fileRef = CBC418F01D4F425B0093214E /* Roboto-Regular.ttf */; };
		CBC418FD1D4F425B0093214E /* Roboto-Thin.ttf in Resources */ = {isa = PBXBuildFile; fileRef = CBC418F11D4F425B0093214E /* Roboto-Thin.ttf */; };
		CBC418FE1D4F425B0093214E /* Roboto-ThinItalic.ttf in Resources */ = {isa = PBXBuildFile; fileRef = CBC418F21D4F425B0093214E /* Roboto-ThinItalic.ttf */; };
		CBC56BAF1D4D3082004167FF /* SwipeCellDelegate.swift in Sources */ = {isa = PBXBuildFile; fileRef = CBC56BAE1D4D3082004167FF /* SwipeCellDelegate.swift */; };
		CBC56BB11D4D5645004167FF /* SwipeCell.swift in Sources */ = {isa = PBXBuildFile; fileRef = CBC56BB01D4D5645004167FF /* SwipeCell.swift */; };
/* End PBXBuildFile section */

/* Begin PBXContainerItemProxy section */
		CBC25FB01D319BA1001788FE /* PBXContainerItemProxy */ = {
			isa = PBXContainerItemProxy;
			containerPortal = CBC25F931D319BA1001788FE /* Project object */;
			proxyType = 1;
			remoteGlobalIDString = CBC25F9A1D319BA1001788FE;
			remoteInfo = Lisht;
		};
		CBC25FBB1D319BA1001788FE /* PBXContainerItemProxy */ = {
			isa = PBXContainerItemProxy;
			containerPortal = CBC25F931D319BA1001788FE /* Project object */;
			proxyType = 1;
			remoteGlobalIDString = CBC25F9A1D319BA1001788FE;
			remoteInfo = Lisht;
		};
/* End PBXContainerItemProxy section */

/* Begin PBXFileReference section */
		CB4053DC1D564C87002ED278 /* Default-568h@2x.png */ = {isa = PBXFileReference; lastKnownFileType = image.png; path = "Default-568h@2x.png"; sourceTree = "<group>"; };
		CB4053DD1D564C87002ED278 /* Default-667h@2x.png */ = {isa = PBXFileReference; lastKnownFileType = image.png; path = "Default-667h@2x.png"; sourceTree = "<group>"; };
		CB4053DE1D564C87002ED278 /* Default-Landscape-736h@3x.png */ = {isa = PBXFileReference; lastKnownFileType = image.png; path = "Default-Landscape-736h@3x.png"; sourceTree = "<group>"; };
		CB4053DF1D564C87002ED278 /* Default-Landscape.png */ = {isa = PBXFileReference; lastKnownFileType = image.png; path = "Default-Landscape.png"; sourceTree = "<group>"; };
		CB4053E01D564C87002ED278 /* Default-Landscape@2x.png */ = {isa = PBXFileReference; lastKnownFileType = image.png; path = "Default-Landscape@2x.png"; sourceTree = "<group>"; };
		CB4053E11D564C87002ED278 /* Default-Portrait-736h@3x.png */ = {isa = PBXFileReference; lastKnownFileType = image.png; path = "Default-Portrait-736h@3x.png"; sourceTree = "<group>"; };
		CB4053E21D564C87002ED278 /* Default-Portrait.png */ = {isa = PBXFileReference; lastKnownFileType = image.png; path = "Default-Portrait.png"; sourceTree = "<group>"; };
		CB4053E31D564C87002ED278 /* Default-Portrait@2x.png */ = {isa = PBXFileReference; lastKnownFileType = image.png; path = "Default-Portrait@2x.png"; sourceTree = "<group>"; };
		CB4053E41D564C87002ED278 /* Default@2x.png */ = {isa = PBXFileReference; lastKnownFileType = image.png; path = "Default@2x.png"; sourceTree = "<group>"; };
		CB4053EE1D5794B9002ED278 /* ReminderViewController.swift */ = {isa = PBXFileReference; fileEncoding = 4; lastKnownFileType = sourcecode.swift; path = ReminderViewController.swift; sourceTree = "<group>"; };
		CBC25F9B1D319BA1001788FE /* Lisht.app */ = {isa = PBXFileReference; explicitFileType = wrapper.application; includeInIndex = 0; path = Lisht.app; sourceTree = BUILT_PRODUCTS_DIR; };
		CBC25F9E1D319BA1001788FE /* AppDelegate.swift */ = {isa = PBXFileReference; lastKnownFileType = sourcecode.swift; path = AppDelegate.swift; sourceTree = "<group>"; };
		CBC25FA51D319BA1001788FE /* Assets.xcassets */ = {isa = PBXFileReference; lastKnownFileType = folder.assetcatalog; path = Assets.xcassets; sourceTree = "<group>"; };
		CBC25FAA1D319BA1001788FE /* Info.plist */ = {isa = PBXFileReference; lastKnownFileType = text.plist.xml; path = Info.plist; sourceTree = "<group>"; };
		CBC25FAF1D319BA1001788FE /* LishtTests.xctest */ = {isa = PBXFileReference; explicitFileType = wrapper.cfbundle; includeInIndex = 0; path = LishtTests.xctest; sourceTree = BUILT_PRODUCTS_DIR; };
		CBC25FB31D319BA1001788FE /* LishtTests.swift */ = {isa = PBXFileReference; lastKnownFileType = sourcecode.swift; path = LishtTests.swift; sourceTree = "<group>"; };
		CBC25FB51D319BA1001788FE /* Info.plist */ = {isa = PBXFileReference; lastKnownFileType = text.plist.xml; path = Info.plist; sourceTree = "<group>"; };
		CBC25FBA1D319BA1001788FE /* LishtUITests.xctest */ = {isa = PBXFileReference; explicitFileType = wrapper.cfbundle; includeInIndex = 0; path = LishtUITests.xctest; sourceTree = BUILT_PRODUCTS_DIR; };
		CBC25FBE1D319BA1001788FE /* LishtUITests.swift */ = {isa = PBXFileReference; lastKnownFileType = sourcecode.swift; path = LishtUITests.swift; sourceTree = "<group>"; };
		CBC25FC01D319BA1001788FE /* Info.plist */ = {isa = PBXFileReference; lastKnownFileType = text.plist.xml; path = Info.plist; sourceTree = "<group>"; };
		CBC25FD01D3237CB001788FE /* LishtTableViewController.swift */ = {isa = PBXFileReference; fileEncoding = 4; lastKnownFileType = sourcecode.swift; path = LishtTableViewController.swift; sourceTree = "<group>"; };
		CBC25FD41D3299FD001788FE /* Item.swift */ = {isa = PBXFileReference; fileEncoding = 4; lastKnownFileType = sourcecode.swift; path = Item.swift; sourceTree = "<group>"; };
		CBC418E71D4F425B0093214E /* Roboto-Black.ttf */ = {isa = PBXFileReference; lastKnownFileType = file; path = "Roboto-Black.ttf"; sourceTree = "<group>"; };
		CBC418E81D4F425B0093214E /* Roboto-BlackItalic.ttf */ = {isa = PBXFileReference; lastKnownFileType = file; path = "Roboto-BlackItalic.ttf"; sourceTree = "<group>"; };
		CBC418E91D4F425B0093214E /* Roboto-Bold.ttf */ = {isa = PBXFileReference; lastKnownFileType = file; path = "Roboto-Bold.ttf"; sourceTree = "<group>"; };
		CBC418EA1D4F425B0093214E /* Roboto-BoldItalic.ttf */ = {isa = PBXFileReference; lastKnownFileType = file; path = "Roboto-BoldItalic.ttf"; sourceTree = "<group>"; };
		CBC418EB1D4F425B0093214E /* Roboto-Italic.ttf */ = {isa = PBXFileReference; lastKnownFileType = file; path = "Roboto-Italic.ttf"; sourceTree = "<group>"; };
		CBC418EC1D4F425B0093214E /* Roboto-Light.ttf */ = {isa = PBXFileReference; lastKnownFileType = file; path = "Roboto-Light.ttf"; sourceTree = "<group>"; };
		CBC418ED1D4F425B0093214E /* Roboto-LightItalic.ttf */ = {isa = PBXFileReference; lastKnownFileType = file; path = "Roboto-LightItalic.ttf"; sourceTree = "<group>"; };
		CBC418EE1D4F425B0093214E /* Roboto-Medium.ttf */ = {isa = PBXFileReference; lastKnownFileType = file; path = "Roboto-Medium.ttf"; sourceTree = "<group>"; };
		CBC418EF1D4F425B0093214E /* Roboto-MediumItalic.ttf */ = {isa = PBXFileReference; lastKnownFileType = file; path = "Roboto-MediumItalic.ttf"; sourceTree = "<group>"; };
		CBC418F01D4F425B0093214E /* Roboto-Regular.ttf */ = {isa = PBXFileReference; lastKnownFileType = file; path = "Roboto-Regular.ttf"; sourceTree = "<group>"; };
		CBC418F11D4F425B0093214E /* Roboto-Thin.ttf */ = {isa = PBXFileReference; lastKnownFileType = file; path = "Roboto-Thin.ttf"; sourceTree = "<group>"; };
		CBC418F21D4F425B0093214E /* Roboto-ThinItalic.ttf */ = {isa = PBXFileReference; lastKnownFileType = file; path = "Roboto-ThinItalic.ttf"; sourceTree = "<group>"; };
		CBC56BAE1D4D3082004167FF /* SwipeCellDelegate.swift */ = {isa = PBXFileReference; fileEncoding = 4; lastKnownFileType = sourcecode.swift; path = SwipeCellDelegate.swift; sourceTree = "<group>"; };
		CBC56BB01D4D5645004167FF /* SwipeCell.swift */ = {isa = PBXFileReference; fileEncoding = 4; lastKnownFileType = sourcecode.swift; path = SwipeCell.swift; sourceTree = "<group>"; };
/* End PBXFileReference section */

/* Begin PBXFrameworksBuildPhase section */
		CBC25F981D319BA1001788FE /* Frameworks */ = {
			isa = PBXFrameworksBuildPhase;
			buildActionMask = 2147483647;
			files = (
			);
			runOnlyForDeploymentPostprocessing = 0;
		};
		CBC25FAC1D319BA1001788FE /* Frameworks */ = {
			isa = PBXFrameworksBuildPhase;
			buildActionMask = 2147483647;
			files = (
			);
			runOnlyForDeploymentPostprocessing = 0;
		};
		CBC25FB71D319BA1001788FE /* Frameworks */ = {
			isa = PBXFrameworksBuildPhase;
			buildActionMask = 2147483647;
			files = (
			);
			runOnlyForDeploymentPostprocessing = 0;
		};
/* End PBXFrameworksBuildPhase section */

/* Begin PBXGroup section */
		CBC25F921D319BA1001788FE = {
			isa = PBXGroup;
			children = (
				CBC418E61D4F425B0093214E /* Resources */,
				CBC25F9D1D319BA1001788FE /* Lisht */,
				CBC25FB21D319BA1001788FE /* LishtTests */,
				CBC25FBD1D319BA1001788FE /* LishtUITests */,
				CBC25F9C1D319BA1001788FE /* Products */,
			);
			sourceTree = "<group>";
		};
		CBC25F9C1D319BA1001788FE /* Products */ = {
			isa = PBXGroup;
			children = (
				CBC25F9B1D319BA1001788FE /* Lisht.app */,
				CBC25FAF1D319BA1001788FE /* LishtTests.xctest */,
				CBC25FBA1D319BA1001788FE /* LishtUITests.xctest */,
			);
			name = Products;
			sourceTree = "<group>";
		};
		CBC25F9D1D319BA1001788FE /* Lisht */ = {
			isa = PBXGroup;
			children = (
				CBC25F9E1D319BA1001788FE /* AppDelegate.swift */,
				CBC25FD01D3237CB001788FE /* LishtTableViewController.swift */,
				CB4053EE1D5794B9002ED278 /* ReminderViewController.swift */,
				CBC56BAE1D4D3082004167FF /* SwipeCellDelegate.swift */,
				CBC25FD41D3299FD001788FE /* Item.swift */,
				CBC25FA51D319BA1001788FE /* Assets.xcassets */,
				CBC25FAA1D319BA1001788FE /* Info.plist */,
				CBC56BB01D4D5645004167FF /* SwipeCell.swift */,
			);
			path = Lisht;
			sourceTree = "<group>";
		};
		CBC25FB21D319BA1001788FE /* LishtTests */ = {
			isa = PBXGroup;
			children = (
				CBC25FB31D319BA1001788FE /* LishtTests.swift */,
				CBC25FB51D319BA1001788FE /* Info.plist */,
			);
			path = LishtTests;
			sourceTree = "<group>";
		};
		CBC25FBD1D319BA1001788FE /* LishtUITests */ = {
			isa = PBXGroup;
			children = (
				CBC25FBE1D319BA1001788FE /* LishtUITests.swift */,
				CBC25FC01D319BA1001788FE /* Info.plist */,
			);
			path = LishtUITests;
			sourceTree = "<group>";
		};
		CBC418E61D4F425B0093214E /* Resources */ = {
			isa = PBXGroup;
			children = (
				CBC419011D4FBDAA0093214E /* Splash */,
				CBC418E71D4F425B0093214E /* Roboto-Black.ttf */,
				CBC418E81D4F425B0093214E /* Roboto-BlackItalic.ttf */,
				CBC418E91D4F425B0093214E /* Roboto-Bold.ttf */,
				CBC418EA1D4F425B0093214E /* Roboto-BoldItalic.ttf */,
				CBC418EB1D4F425B0093214E /* Roboto-Italic.ttf */,
				CBC418EC1D4F425B0093214E /* Roboto-Light.ttf */,
				CBC418ED1D4F425B0093214E /* Roboto-LightItalic.ttf */,
				CBC418EE1D4F425B0093214E /* Roboto-Medium.ttf */,
				CBC418EF1D4F425B0093214E /* Roboto-MediumItalic.ttf */,
				CBC418F01D4F425B0093214E /* Roboto-Regular.ttf */,
				CBC418F11D4F425B0093214E /* Roboto-Thin.ttf */,
				CBC418F21D4F425B0093214E /* Roboto-ThinItalic.ttf */,
			);
			path = Resources;
			sourceTree = "<group>";
		};
		CBC419011D4FBDAA0093214E /* Splash */ = {
			isa = PBXGroup;
			children = (
				CB4053DC1D564C87002ED278 /* Default-568h@2x.png */,
				CB4053DD1D564C87002ED278 /* Default-667h@2x.png */,
				CB4053DE1D564C87002ED278 /* Default-Landscape-736h@3x.png */,
				CB4053DF1D564C87002ED278 /* Default-Landscape.png */,
				CB4053E01D564C87002ED278 /* Default-Landscape@2x.png */,
				CB4053E11D564C87002ED278 /* Default-Portrait-736h@3x.png */,
				CB4053E21D564C87002ED278 /* Default-Portrait.png */,
				CB4053E31D564C87002ED278 /* Default-Portrait@2x.png */,
				CB4053E41D564C87002ED278 /* Default@2x.png */,
			);
			path = Splash;
			sourceTree = "<group>";
		};
/* End PBXGroup section */

/* Begin PBXNativeTarget section */
		CBC25F9A1D319BA1001788FE /* Lisht */ = {
			isa = PBXNativeTarget;
			buildConfigurationList = CBC25FC31D319BA1001788FE /* Build configuration list for PBXNativeTarget "Lisht" */;
			buildPhases = (
				CBC25F971D319BA1001788FE /* Sources */,
				CBC25F981D319BA1001788FE /* Frameworks */,
				CBC25F991D319BA1001788FE /* Resources */,
			);
			buildRules = (
			);
			dependencies = (
			);
			name = Lisht;
			productName = Lisht;
			productReference = CBC25F9B1D319BA1001788FE /* Lisht.app */;
			productType = "com.apple.product-type.application";
		};
		CBC25FAE1D319BA1001788FE /* LishtTests */ = {
			isa = PBXNativeTarget;
			buildConfigurationList = CBC25FC61D319BA1001788FE /* Build configuration list for PBXNativeTarget "LishtTests" */;
			buildPhases = (
				CBC25FAB1D319BA1001788FE /* Sources */,
				CBC25FAC1D319BA1001788FE /* Frameworks */,
				CBC25FAD1D319BA1001788FE /* Resources */,
			);
			buildRules = (
			);
			dependencies = (
				CBC25FB11D319BA1001788FE /* PBXTargetDependency */,
			);
			name = LishtTests;
			productName = LishtTests;
			productReference = CBC25FAF1D319BA1001788FE /* LishtTests.xctest */;
			productType = "com.apple.product-type.bundle.unit-test";
		};
		CBC25FB91D319BA1001788FE /* LishtUITests */ = {
			isa = PBXNativeTarget;
			buildConfigurationList = CBC25FC91D319BA1001788FE /* Build configuration list for PBXNativeTarget "LishtUITests" */;
			buildPhases = (
				CBC25FB61D319BA1001788FE /* Sources */,
				CBC25FB71D319BA1001788FE /* Frameworks */,
				CBC25FB81D319BA1001788FE /* Resources */,
			);
			buildRules = (
			);
			dependencies = (
				CBC25FBC1D319BA1001788FE /* PBXTargetDependency */,
			);
			name = LishtUITests;
			productName = LishtUITests;
			productReference = CBC25FBA1D319BA1001788FE /* LishtUITests.xctest */;
			productType = "com.apple.product-type.bundle.ui-testing";
		};
/* End PBXNativeTarget section */

/* Begin PBXProject section */
		CBC25F931D319BA1001788FE /* Project object */ = {
			isa = PBXProject;
			attributes = {
				LastSwiftUpdateCheck = 0730;
				LastUpgradeCheck = 0730;
				ORGANIZATIONNAME = "Karl Grogan";
				TargetAttributes = {
					CBC25F9A1D319BA1001788FE = {
						CreatedOnToolsVersion = 7.3.1;
						DevelopmentTeam = J3QPKF8SMC;
					};
					CBC25FAE1D319BA1001788FE = {
						CreatedOnToolsVersion = 7.3.1;
						TestTargetID = CBC25F9A1D319BA1001788FE;
					};
					CBC25FB91D319BA1001788FE = {
						CreatedOnToolsVersion = 7.3.1;
						TestTargetID = CBC25F9A1D319BA1001788FE;
					};
				};
			};
			buildConfigurationList = CBC25F961D319BA1001788FE /* Build configuration list for PBXProject "Lisht" */;
			compatibilityVersion = "Xcode 3.2";
			developmentRegion = English;
			hasScannedForEncodings = 0;
			knownRegions = (
				en,
				Base,
			);
			mainGroup = CBC25F921D319BA1001788FE;
			productRefGroup = CBC25F9C1D319BA1001788FE /* Products */;
			projectDirPath = "";
			projectRoot = "";
			targets = (
				CBC25F9A1D319BA1001788FE /* Lisht */,
				CBC25FAE1D319BA1001788FE /* LishtTests */,
				CBC25FB91D319BA1001788FE /* LishtUITests */,
			);
		};
/* End PBXProject section */

/* Begin PBXResourcesBuildPhase section */
		CBC25F991D319BA1001788FE /* Resources */ = {
			isa = PBXResourcesBuildPhase;
			buildActionMask = 2147483647;
			files = (
				CB4053EC1D564C87002ED278 /* Default-Portrait@2x.png in Resources */,
				CBC25FA61D319BA1001788FE /* Assets.xcassets in Resources */,
				CBC418FC1D4F425B0093214E /* Roboto-Regular.ttf in Resources */,
				CB4053EA1D564C87002ED278 /* Default-Portrait-736h@3x.png in Resources */,
				CBC418F71D4F425B0093214E /* Roboto-Italic.ttf in Resources */,
				CBC418F91D4F425B0093214E /* Roboto-LightItalic.ttf in Resources */,
				CB4053E91D564C87002ED278 /* Default-Landscape@2x.png in Resources */,
				CB4053E61D564C87002ED278 /* Default-667h@2x.png in Resources */,
				CBC418F41D4F425B0093214E /* Roboto-BlackItalic.ttf in Resources */,
				CB4053E51D564C87002ED278 /* Default-568h@2x.png in Resources */,
				CBC418F51D4F425B0093214E /* Roboto-Bold.ttf in Resources */,
				CBC418F81D4F425B0093214E /* Roboto-Light.ttf in Resources */,
				CBC418FB1D4F425B0093214E /* Roboto-MediumItalic.ttf in Resources */,
				CBC418FD1D4F425B0093214E /* Roboto-Thin.ttf in Resources */,
				CBC418F61D4F425B0093214E /* Roboto-BoldItalic.ttf in Resources */,
				CBC418F31D4F425B0093214E /* Roboto-Black.ttf in Resources */,
				CB4053ED1D564C87002ED278 /* Default@2x.png in Resources */,
				CB4053E71D564C87002ED278 /* Default-Landscape-736h@3x.png in Resources */,
				CBC418FA1D4F425B0093214E /* Roboto-Medium.ttf in Resources */,
				CB4053E81D564C87002ED278 /* Default-Landscape.png in Resources */,
				CB4053EB1D564C87002ED278 /* Default-Portrait.png in Resources */,
				CBC418FE1D4F425B0093214E /* Roboto-ThinItalic.ttf in Resources */,
			);
			runOnlyForDeploymentPostprocessing = 0;
		};
		CBC25FAD1D319BA1001788FE /* Resources */ = {
			isa = PBXResourcesBuildPhase;
			buildActionMask = 2147483647;
			files = (
			);
			runOnlyForDeploymentPostprocessing = 0;
		};
		CBC25FB81D319BA1001788FE /* Resources */ = {
			isa = PBXResourcesBuildPhase;
			buildActionMask = 2147483647;
			files = (
			);
			runOnlyForDeploymentPostprocessing = 0;
		};
/* End PBXResourcesBuildPhase section */

/* Begin PBXSourcesBuildPhase section */
		CBC25F971D319BA1001788FE /* Sources */ = {
			isa = PBXSourcesBuildPhase;
			buildActionMask = 2147483647;
			files = (
				CBC25FD11D3237CB001788FE /* LishtTableViewController.swift in Sources */,
				CBC56BB11D4D5645004167FF /* SwipeCell.swift in Sources */,
				CB4053EF1D5794B9002ED278 /* ReminderViewController.swift in Sources */,
				CBC56BAF1D4D3082004167FF /* SwipeCellDelegate.swift in Sources */,
				CBC25FD51D3299FD001788FE /* Item.swift in Sources */,
				CBC25F9F1D319BA1001788FE /* AppDelegate.swift in Sources */,
			);
			runOnlyForDeploymentPostprocessing = 0;
		};
		CBC25FAB1D319BA1001788FE /* Sources */ = {
			isa = PBXSourcesBuildPhase;
			buildActionMask = 2147483647;
			files = (
				CBC25FB41D319BA1001788FE /* LishtTests.swift in Sources */,
			);
			runOnlyForDeploymentPostprocessing = 0;
		};
		CBC25FB61D319BA1001788FE /* Sources */ = {
			isa = PBXSourcesBuildPhase;
			buildActionMask = 2147483647;
			files = (
				CBC25FBF1D319BA1001788FE /* LishtUITests.swift in Sources */,
			);
			runOnlyForDeploymentPostprocessing = 0;
		};
/* End PBXSourcesBuildPhase section */

/* Begin PBXTargetDependency section */
		CBC25FB11D319BA1001788FE /* PBXTargetDependency */ = {
			isa = PBXTargetDependency;
			target = CBC25F9A1D319BA1001788FE /* Lisht */;
			targetProxy = CBC25FB01D319BA1001788FE /* PBXContainerItemProxy */;
		};
		CBC25FBC1D319BA1001788FE /* PBXTargetDependency */ = {
			isa = PBXTargetDependency;
			target = CBC25F9A1D319BA1001788FE /* Lisht */;
			targetProxy = CBC25FBB1D319BA1001788FE /* PBXContainerItemProxy */;
		};
/* End PBXTargetDependency section */

/* Begin XCBuildConfiguration section */
		CBC25FC11D319BA1001788FE /* Debug */ = {
			isa = XCBuildConfiguration;
			buildSettings = {
				ALWAYS_SEARCH_USER_PATHS = NO;
				CLANG_ANALYZER_NONNULL = YES;
				CLANG_CXX_LANGUAGE_STANDARD = "gnu++0x";
				CLANG_CXX_LIBRARY = "libc++";
				CLANG_ENABLE_MODULES = YES;
				CLANG_ENABLE_OBJC_ARC = YES;
				CLANG_WARN_BOOL_CONVERSION = YES;
				CLANG_WARN_CONSTANT_CONVERSION = YES;
				CLANG_WARN_DIRECT_OBJC_ISA_USAGE = YES_ERROR;
				CLANG_WARN_EMPTY_BODY = YES;
				CLANG_WARN_ENUM_CONVERSION = YES;
				CLANG_WARN_INT_CONVERSION = YES;
				CLANG_WARN_OBJC_ROOT_CLASS = YES_ERROR;
				CLANG_WARN_UNREACHABLE_CODE = YES;
				CLANG_WARN__DUPLICATE_METHOD_MATCH = YES;
				"CODE_SIGN_IDENTITY[sdk=iphoneos*]" = "iPhone Developer";
				COPY_PHASE_STRIP = NO;
				DEBUG_INFORMATION_FORMAT = dwarf;
				ENABLE_STRICT_OBJC_MSGSEND = YES;
				ENABLE_TESTABILITY = YES;
				GCC_C_LANGUAGE_STANDARD = gnu99;
				GCC_DYNAMIC_NO_PIC = NO;
				GCC_NO_COMMON_BLOCKS = YES;
				GCC_OPTIMIZATION_LEVEL = 0;
				GCC_PREPROCESSOR_DEFINITIONS = (
					"DEBUG=1",
					"$(inherited)",
				);
				GCC_WARN_64_TO_32_BIT_CONVERSION = YES;
				GCC_WARN_ABOUT_RETURN_TYPE = YES_ERROR;
				GCC_WARN_UNDECLARED_SELECTOR = YES;
				GCC_WARN_UNINITIALIZED_AUTOS = YES_AGGRESSIVE;
				GCC_WARN_UNUSED_FUNCTION = YES;
				GCC_WARN_UNUSED_VARIABLE = YES;
				IPHONEOS_DEPLOYMENT_TARGET = 9.3;
				MTL_ENABLE_DEBUG_INFO = YES;
				ONLY_ACTIVE_ARCH = YES;
				SDKROOT = iphoneos;
				SWIFT_OPTIMIZATION_LEVEL = "-Onone";
				TARGETED_DEVICE_FAMILY = "1,2";
			};
			name = Debug;
		};
		CBC25FC21D319BA1001788FE /* Release */ = {
			isa = XCBuildConfiguration;
			buildSettings = {
				ALWAYS_SEARCH_USER_PATHS = NO;
				CLANG_ANALYZER_NONNULL = YES;
				CLANG_CXX_LANGUAGE_STANDARD = "gnu++0x";
				CLANG_CXX_LIBRARY = "libc++";
				CLANG_ENABLE_MODULES = YES;
				CLANG_ENABLE_OBJC_ARC = YES;
				CLANG_WARN_BOOL_CONVERSION = YES;
				CLANG_WARN_CONSTANT_CONVERSION = YES;
				CLANG_WARN_DIRECT_OBJC_ISA_USAGE = YES_ERROR;
				CLANG_WARN_EMPTY_BODY = YES;
				CLANG_WARN_ENUM_CONVERSION = YES;
				CLANG_WARN_INT_CONVERSION = YES;
				CLANG_WARN_OBJC_ROOT_CLASS = YES_ERROR;
				CLANG_WARN_UNREACHABLE_CODE = YES;
				CLANG_WARN__DUPLICATE_METHOD_MATCH = YES;
				"CODE_SIGN_IDENTITY[sdk=iphoneos*]" = "iPhone Developer";
				COPY_PHASE_STRIP = NO;
				DEBUG_INFORMATION_FORMAT = "dwarf-with-dsym";
				ENABLE_NS_ASSERTIONS = NO;
				ENABLE_STRICT_OBJC_MSGSEND = YES;
				GCC_C_LANGUAGE_STANDARD = gnu99;
				GCC_NO_COMMON_BLOCKS = YES;
				GCC_WARN_64_TO_32_BIT_CONVERSION = YES;
				GCC_WARN_ABOUT_RETURN_TYPE = YES_ERROR;
				GCC_WARN_UNDECLARED_SELECTOR = YES;
				GCC_WARN_UNINITIALIZED_AUTOS = YES_AGGRESSIVE;
				GCC_WARN_UNUSED_FUNCTION = YES;
				GCC_WARN_UNUSED_VARIABLE = YES;
				IPHONEOS_DEPLOYMENT_TARGET = 9.3;
				MTL_ENABLE_DEBUG_INFO = NO;
				SDKROOT = iphoneos;
				TARGETED_DEVICE_FAMILY = "1,2";
				VALIDATE_PRODUCT = YES;
			};
			name = Release;
		};
		CBC25FC41D319BA1001788FE /* Debug */ = {
			isa = XCBuildConfiguration;
			buildSettings = {
				ASSETCATALOG_COMPILER_APPICON_NAME = AppIcon;
				CLANG_ENABLE_MODULES = YES;
				CODE_SIGN_IDENTITY = "iPhone Developer";
				"CODE_SIGN_IDENTITY[sdk=iphoneos*]" = "iPhone Developer";
				INFOPLIST_FILE = Lisht/Info.plist;
				IPHONEOS_DEPLOYMENT_TARGET = 8.0;
				LD_RUNPATH_SEARCH_PATHS = "$(inherited) @executable_path/Frameworks";
				New_Setting = "";
				PRODUCT_BUNDLE_IDENTIFIER = com.mixiedc.Lisht;
				PRODUCT_NAME = "$(TARGET_NAME)";
				PROVISIONING_PROFILE = "";
				SWIFT_OBJC_BRIDGING_HEADER = "Lisht/Lisht-Bridging-Header.h";
				SWIFT_OPTIMIZATION_LEVEL = "-Onone";
			};
			name = Debug;
		};
		CBC25FC51D319BA1001788FE /* Release */ = {
			isa = XCBuildConfiguration;
			buildSettings = {
				ASSETCATALOG_COMPILER_APPICON_NAME = AppIcon;
				CLANG_ENABLE_MODULES = YES;
				CODE_SIGN_IDENTITY = "iPhone Developer";
				"CODE_SIGN_IDENTITY[sdk=iphoneos*]" = "iPhone Developer";
				INFOPLIST_FILE = Lisht/Info.plist;
				IPHONEOS_DEPLOYMENT_TARGET = 8.0;
				LD_RUNPATH_SEARCH_PATHS = "$(inherited) @executable_path/Frameworks";
				New_Setting = "";
				PRODUCT_BUNDLE_IDENTIFIER = com.mixiedc.Lisht;
				PRODUCT_NAME = "$(TARGET_NAME)";
				PROVISIONING_PROFILE = "";
				SWIFT_OBJC_BRIDGING_HEADER = "Lisht/Lisht-Bridging-Header.h";
			};
			name = Release;
		};
		CBC25FC71D319BA1001788FE /* Debug */ = {
			isa = XCBuildConfiguration;
			buildSettings = {
				BUNDLE_LOADER = "$(TEST_HOST)";
				INFOPLIST_FILE = LishtTests/Info.plist;
				LD_RUNPATH_SEARCH_PATHS = "$(inherited) @executable_path/Frameworks @loader_path/Frameworks";
				PRODUCT_BUNDLE_IDENTIFIER = com.mixiedc.LishtTests;
				PRODUCT_NAME = "$(TARGET_NAME)";
				TEST_HOST = "$(BUILT_PRODUCTS_DIR)/Lisht.app/Lisht";
			};
			name = Debug;
		};
		CBC25FC81D319BA1001788FE /* Release */ = {
			isa = XCBuildConfiguration;
			buildSettings = {
				BUNDLE_LOADER = "$(TEST_HOST)";
				INFOPLIST_FILE = LishtTests/Info.plist;
				LD_RUNPATH_SEARCH_PATHS = "$(inherited) @executable_path/Frameworks @loader_path/Frameworks";
				PRODUCT_BUNDLE_IDENTIFIER = com.mixiedc.LishtTests;
				PRODUCT_NAME = "$(TARGET_NAME)";
				TEST_HOST = "$(BUILT_PRODUCTS_DIR)/Lisht.app/Lisht";
			};
			name = Release;
		};
		CBC25FCA1D319BA1001788FE /* Debug */ = {
			isa = XCBuildConfiguration;
			buildSettings = {
				INFOPLIST_FILE = LishtUITests/Info.plist;
				LD_RUNPATH_SEARCH_PATHS = "$(inherited) @executable_path/Frameworks @loader_path/Frameworks";
				PRODUCT_BUNDLE_IDENTIFIER = com.mixiedc.LishtUITests;
				PRODUCT_NAME = "$(TARGET_NAME)";
				TEST_TARGET_NAME = Lisht;
			};
			name = Debug;
		};
		CBC25FCB1D319BA1001788FE /* Release */ = {
			isa = XCBuildConfiguration;
			buildSettings = {
				INFOPLIST_FILE = LishtUITests/Info.plist;
				LD_RUNPATH_SEARCH_PATHS = "$(inherited) @executable_path/Frameworks @loader_path/Frameworks";
				PRODUCT_BUNDLE_IDENTIFIER = com.mixiedc.LishtUITests;
				PRODUCT_NAME = "$(TARGET_NAME)";
				TEST_TARGET_NAME = Lisht;
			};
			name = Release;
		};
/* End XCBuildConfiguration section */

/* Begin XCConfigurationList section */
		CBC25F961D319BA1001788FE /* Build configuration list for PBXProject "Lisht" */ = {
			isa = XCConfigurationList;
			buildConfigurations = (
				CBC25FC11D319BA1001788FE /* Debug */,
				CBC25FC21D319BA1001788FE /* Release */,
			);
			defaultConfigurationIsVisible = 0;
			defaultConfigurationName = Release;
		};
		CBC25FC31D319BA1001788FE /* Build configuration list for PBXNativeTarget "Lisht" */ = {
			isa = XCConfigurationList;
			buildConfigurations = (
				CBC25FC41D319BA1001788FE /* Debug */,
				CBC25FC51D319BA1001788FE /* Release */,
			);
			defaultConfigurationIsVisible = 0;
			defaultConfigurationName = Release;
		};
		CBC25FC61D319BA1001788FE /* Build configuration list for PBXNativeTarget "LishtTests" */ = {
			isa = XCConfigurationList;
			buildConfigurations = (
				CBC25FC71D319BA1001788FE /* Debug */,
				CBC25FC81D319BA1001788FE /* Release */,
			);
			defaultConfigurationIsVisible = 0;
			defaultConfigurationName = Release;
		};
		CBC25FC91D319BA1001788FE /* Build configuration list for PBXNativeTarget "LishtUITests" */ = {
			isa = XCConfigurationList;
			buildConfigurations = (
				CBC25FCA1D319BA1001788FE /* Debug */,
				CBC25FCB1D319BA1001788FE /* Release */,
			);
			defaultConfigurationIsVisible = 0;
			defaultConfigurationName = Release;
		};
/* End XCConfigurationList section */
	};
	rootObject = CBC25F931D319BA1001788FE /* Project object */;
}
